
Microsoft Visual Studio Solution File, Format Version 12.00
# Visual Studio Version 17
VisualStudioVersion = 17.5.2.0
MinimumVisualStudioVersion = 10.0.40219.1
Project("{FAE04EC0-301F-11D3-BF4B-00C04F79EFBC}") = "CYaPass-Avalonia", ".\CYaPass-Avalonia\CYaPass-Avalonia.csproj", "{54C83AD8-390A-0AD9-7ED2-D537B1A4C320}"
EndProject
Project("{FAE04EC0-301F-11D3-BF4B-00C04F79EFBC}") = "CYaPass-Avalonia.Tests", "CYaPass-Avalonia.Tests\CYaPass-Avalonia.Tests.csproj", "{408D21E3-A837-4FD9-9F01-A7DC1FCA145C}"
EndProject
Global
	GlobalSection(SolutionConfigurationPlatforms) = preSolution
		Debug|Any CPU = Debug|Any CPU
		Debug|x64 = Debug|x64
		Debug|x86 = Debug|x86
		Release|Any CPU = Release|Any CPU
		Release|x64 = Release|x64
		Release|x86 = Release|x86
	EndGlobalSection
	GlobalSection(ProjectConfigurationPlatforms) = postSolution
		{54C83AD8-390A-0AD9-7ED2-D537B1A4C320}.Debug|Any CPU.ActiveCfg = Debug|Any CPU
		{54C83AD8-390A-0AD9-7ED2-D537B1A4C320}.Debug|Any CPU.Build.0 = Debug|Any CPU
		{54C83AD8-390A-0AD9-7ED2-D537B1A4C320}.Debug|x64.ActiveCfg = Debug|Any CPU
		{54C83AD8-390A-0AD9-7ED2-D537B1A4C320}.Debug|x64.Build.0 = Debug|Any CPU
		{54C83AD8-390A-0AD9-7ED2-D537B1A4C320}.Debug|x86.ActiveCfg = Debug|Any CPU
		{54C83AD8-390A-0AD9-7ED2-D537B1A4C320}.Debug|x86.Build.0 = Debug|Any CPU
		{54C83AD8-390A-0AD9-7ED2-D537B1A4C320}.Release|Any CPU.ActiveCfg = Release|Any CPU
		{54C83AD8-390A-0AD9-7ED2-D537B1A4C320}.Release|Any CPU.Build.0 = Release|Any CPU
		{54C83AD8-390A-0AD9-7ED2-D537B1A4C320}.Release|x64.ActiveCfg = Release|Any CPU
		{54C83AD8-390A-0AD9-7ED2-D537B1A4C320}.Release|x64.Build.0 = Release|Any CPU
		{54C83AD8-390A-0AD9-7ED2-D537B1A4C320}.Release|x86.ActiveCfg = Release|Any CPU
		{54C83AD8-390A-0AD9-7ED2-D537B1A4C320}.Release|x86.Build.0 = Release|Any CPU
		{408D21E3-A837-4FD9-9F01-A7DC1FCA145C}.Debug|Any CPU.ActiveCfg = Debug|Any CPU
		{408D21E3-A837-4FD9-9F01-A7DC1FCA145C}.Debug|Any CPU.Build.0 = Debug|Any CPU
		{408D21E3-A837-4FD9-9F01-A7DC1FCA145C}.Debug|x64.ActiveCfg = Debug|Any CPU
		{408D21E3-A837-4FD9-9F01-A7DC1FCA145C}.Debug|x64.Build.0 = Debug|Any CPU
		{408D21E3-A837-4FD9-9F01-A7DC1FCA145C}.Debug|x86.ActiveCfg = Debug|Any CPU
		{408D21E3-A837-4FD9-9F01-A7DC1FCA145C}.Debug|x86.Build.0 = Debug|Any CPU
		{408D21E3-A837-4FD9-9F01-A7DC1FCA145C}.Release|Any CPU.ActiveCfg = Release|Any CPU
		{408D21E3-A837-4FD9-9F01-A7DC1FCA145C}.Release|Any CPU.Build.0 = Release|Any CPU
		{408D21E3-A837-4FD9-9F01-A7DC1FCA145C}.Release|x64.ActiveCfg = Release|Any CPU
		{408D21E3-A837-4FD9-9F01-A7DC1FCA145C}.Release|x64.Build.0 = Release|Any CPU
		{408D21E3-A837-4FD9-9F01-A7DC1FCA145C}.Release|x86.ActiveCfg = Release|Any CPU
		{408D21E3-A837-4FD9-9F01-A7DC1FCA145C}.Release|x86.Build.0 = Release|Any CPU
	EndGlobalSection
	GlobalSection(SolutionProperties) = preSolution
		HideSolutionNode = FALSE
	EndGlobalSection
	GlobalSection(ExtensibilityGlobals) = postSolution
		SolutionGuid = {F771C308-0B2A-4C99-B629-DD4EF2F10CB5}
	EndGlobalSection
EndGlobal
